
Microsoft Visual Studio Solution File, Format Version 12.00
# Visual Studio Version 16
VisualStudioVersion = 16.0.32228.343
MinimumVisualStudioVersion = 10.0.40219.1
Project("{FAE04EC0-301F-11D3-BF4B-00C04F79EFBC}") = "SecurityTesting", "SecurityTesting\SecurityTesting.csproj", "{10B2472D-6579-4D3B-A7B0-EAB34E68418E}"
EndProject
Global
	GlobalSection(SolutionConfigurationPlatforms) = preSolution
		Debug|Any CPU = Debug|Any CPU
		Release|Any CPU = Release|Any CPU
	EndGlobalSection
	GlobalSection(ProjectConfigurationPlatforms) = postSolution
		{10B2472D-6579-4D3B-A7B0-EAB34E68418E}.Debug|Any CPU.ActiveCfg = Debug|Any CPU
		{10B2472D-6579-4D3B-A7B0-EAB34E68418E}.Debug|Any CPU.Build.0 = Debug|Any CPU
		{10B2472D-6579-4D3B-A7B0-EAB34E68418E}.Release|Any CPU.ActiveCfg = Release|Any CPU
		{10B2472D-6579-4D3B-A7B0-EAB34E68418E}.Release|Any CPU.Build.0 = Release|Any CPU
	EndGlobalSection
	GlobalSection(SolutionProperties) = preSolution
		HideSolutionNode = FALSE
	EndGlobalSection
	GlobalSection(ExtensibilityGlobals) = postSolution
		SolutionGuid = {357F51BC-1E02-4425-91CE-460FC5DC2FD2}
	EndGlobalSection
EndGlobal
